
Microsoft Visual Studio Solution File, Format Version 12.00
# Visual Studio Version 17
VisualStudioVersion = 17.11.35222.181
MinimumVisualStudioVersion = 10.0.40219.1
Project("{8BC9CEB8-8B4A-11D0-8D11-00A0C91BC942}") = "wrote_240924", "wrote_240924\wrote_240924.vcxproj", "{D10B4A04-DF78-485D-9712-1DD5838286C1}"
EndProject
Project("{8BC9CEB8-8B4A-11D0-8D11-00A0C91BC942}") = "wrote_240925", "wrote_240925\wrote_240925.vcxproj", "{8E8D8F50-FA9A-42DC-8F3C-C28BC9001DD5}"
EndProject
Project("{8BC9CEB8-8B4A-11D0-8D11-00A0C91BC942}") = "wrote_240926", "wrote_240926\wrote_240926.vcxproj", "{3D803EA2-9DBD-4E95-8E97-9CB789397DA8}"
EndProject
Project("{8BC9CEB8-8B4A-11D0-8D11-00A0C91BC942}") = "wrote_240927", "wrote_240927\wrote_240927.vcxproj", "{234DDE93-8257-4660-8EC2-425741ED2008}"
EndProject
Project("{8BC9CEB8-8B4A-11D0-8D11-00A0C91BC942}") = "wrote_240930", "wrote_240930\wrote_240930.vcxproj", "{537A58BC-7327-486E-9A33-AACCE9EA29C4}"
EndProject
Project("{8BC9CEB8-8B4A-11D0-8D11-00A0C91BC942}") = "wrote_241004", "wrote_241004\wrote_241004.vcxproj", "{D59708B3-05F5-4B10-B6BF-7FEBE50E01C9}"
EndProject
Project("{8BC9CEB8-8B4A-11D0-8D11-00A0C91BC942}") = "wrote_241007", "wrote_241007\wrote_241007.vcxproj", "{8189F71D-7118-447F-AF2D-6D27626F1E41}"
EndProject
Project("{8BC9CEB8-8B4A-11D0-8D11-00A0C91BC942}") = "wrote_241008", "wrote_241008\wrote_241008.vcxproj", "{0E4653FB-B6B1-4FF6-A6A5-4A5F0AC03B03}"
EndProject
Project("{8BC9CEB8-8B4A-11D0-8D11-00A0C91BC942}") = "wrote_241010", "wrote_241010\wrote_241010.vcxproj", "{C8F966AE-F731-4AC4-A4B8-079E3D737953}"
EndProject
Project("{8BC9CEB8-8B4A-11D0-8D11-00A0C91BC942}") = "wrote_241011", "wrote_241011\wrote_241011.vcxproj", "{CA6DDC96-ACC6-48F4-B753-9F7A3E7C1568}"
EndProject
Project("{8BC9CEB8-8B4A-11D0-8D11-00A0C91BC942}") = "wrote_241014 M", "wrote_241014\wrote_241014.vcxproj", "{2FEF50BD-3201-42CA-90BC-09336BB4840A}"
EndProject
Project("{8BC9CEB8-8B4A-11D0-8D11-00A0C91BC942}") = "wrote_241015", "wrote_241015\wrote_241015.vcxproj", "{87FF03A2-F703-4F62-9EE8-A3816B029C4E}"
EndProject
Project("{8BC9CEB8-8B4A-11D0-8D11-00A0C91BC942}") = "wrote_241016", "wrote_241016\wrote_241016.vcxproj", "{9819A554-4A26-44F5-BA6B-3B0C974A386B}"
EndProject
Project("{8BC9CEB8-8B4A-11D0-8D11-00A0C91BC942}") = "wrote_241017", "wrote_241017\wrote_241017.vcxproj", "{F128C826-F2FE-41A0-836C-221598DE859F}"
EndProject
Project("{8BC9CEB8-8B4A-11D0-8D11-00A0C91BC942}") = "wrote_241018", "wrote_241018\wrote_241018.vcxproj", "{002D9E20-9090-4582-B629-93F60A31F2C4}"
EndProject
Project("{8BC9CEB8-8B4A-11D0-8D11-00A0C91BC942}") = "wrote_241021 M", "wrote_241021 M\wrote_241021 M.vcxproj", "{201FFF8E-C319-43F4-BA47-00D4F0B48760}"
EndProject
Project("{8BC9CEB8-8B4A-11D0-8D11-00A0C91BC942}") = "wrote_241022", "wrote_241022\wrote_241022.vcxproj", "{8A39341D-6338-4319-88A9-5DA84B90C35C}"
EndProject
Project("{8BC9CEB8-8B4A-11D0-8D11-00A0C91BC942}") = "wrote_241023", "wrote_241023\wrote_241023.vcxproj", "{F83DB826-EFB8-4073-9AD8-8F379BD88C37}"
EndProject
Project("{8BC9CEB8-8B4A-11D0-8D11-00A0C91BC942}") = "wrote_241024", "wrote_241024\wrote_241024.vcxproj", "{05C3DF19-8664-47A9-A1A4-9B1C5553E4CE}"
EndProject
Project("{8BC9CEB8-8B4A-11D0-8D11-00A0C91BC942}") = "wrote_241025", "wrote_241025\wrote_241025.vcxproj", "{F72E906A-2F47-4EC2-8749-D697DB5A95E1}"
EndProject
Global
	GlobalSection(SolutionConfigurationPlatforms) = preSolution
		Debug|x64 = Debug|x64
		Debug|x86 = Debug|x86
		Release|x64 = Release|x64
		Release|x86 = Release|x86
	EndGlobalSection
	GlobalSection(ProjectConfigurationPlatforms) = postSolution
		{D10B4A04-DF78-485D-9712-1DD5838286C1}.Debug|x64.ActiveCfg = Debug|x64
		{D10B4A04-DF78-485D-9712-1DD5838286C1}.Debug|x64.Build.0 = Debug|x64
		{D10B4A04-DF78-485D-9712-1DD5838286C1}.Debug|x86.ActiveCfg = Debug|Win32
		{D10B4A04-DF78-485D-9712-1DD5838286C1}.Debug|x86.Build.0 = Debug|Win32
		{D10B4A04-DF78-485D-9712-1DD5838286C1}.Release|x64.ActiveCfg = Release|x64
		{D10B4A04-DF78-485D-9712-1DD5838286C1}.Release|x64.Build.0 = Release|x64
		{D10B4A04-DF78-485D-9712-1DD5838286C1}.Release|x86.ActiveCfg = Release|Win32
		{D10B4A04-DF78-485D-9712-1DD5838286C1}.Release|x86.Build.0 = Release|Win32
		{8E8D8F50-FA9A-42DC-8F3C-C28BC9001DD5}.Debug|x64.ActiveCfg = Debug|x64
		{8E8D8F50-FA9A-42DC-8F3C-C28BC9001DD5}.Debug|x64.Build.0 = Debug|x64
		{8E8D8F50-FA9A-42DC-8F3C-C28BC9001DD5}.Debug|x86.ActiveCfg = Debug|Win32
		{8E8D8F50-FA9A-42DC-8F3C-C28BC9001DD5}.Debug|x86.Build.0 = Debug|Win32
		{8E8D8F50-FA9A-42DC-8F3C-C28BC9001DD5}.Release|x64.ActiveCfg = Release|x64
		{8E8D8F50-FA9A-42DC-8F3C-C28BC9001DD5}.Release|x64.Build.0 = Release|x64
		{8E8D8F50-FA9A-42DC-8F3C-C28BC9001DD5}.Release|x86.ActiveCfg = Release|Win32
		{8E8D8F50-FA9A-42DC-8F3C-C28BC9001DD5}.Release|x86.Build.0 = Release|Win32
		{3D803EA2-9DBD-4E95-8E97-9CB789397DA8}.Debug|x64.ActiveCfg = Debug|x64
		{3D803EA2-9DBD-4E95-8E97-9CB789397DA8}.Debug|x64.Build.0 = Debug|x64
		{3D803EA2-9DBD-4E95-8E97-9CB789397DA8}.Debug|x86.ActiveCfg = Debug|Win32
		{3D803EA2-9DBD-4E95-8E97-9CB789397DA8}.Debug|x86.Build.0 = Debug|Win32
		{3D803EA2-9DBD-4E95-8E97-9CB789397DA8}.Release|x64.ActiveCfg = Release|x64
		{3D803EA2-9DBD-4E95-8E97-9CB789397DA8}.Release|x64.Build.0 = Release|x64
		{3D803EA2-9DBD-4E95-8E97-9CB789397DA8}.Release|x86.ActiveCfg = Release|Win32
		{3D803EA2-9DBD-4E95-8E97-9CB789397DA8}.Release|x86.Build.0 = Release|Win32
		{234DDE93-8257-4660-8EC2-425741ED2008}.Debug|x64.ActiveCfg = Debug|x64
		{234DDE93-8257-4660-8EC2-425741ED2008}.Debug|x64.Build.0 = Debug|x64
		{234DDE93-8257-4660-8EC2-425741ED2008}.Debug|x86.ActiveCfg = Debug|Win32
		{234DDE93-8257-4660-8EC2-425741ED2008}.Debug|x86.Build.0 = Debug|Win32
		{234DDE93-8257-4660-8EC2-425741ED2008}.Release|x64.ActiveCfg = Release|x64
		{234DDE93-8257-4660-8EC2-425741ED2008}.Release|x64.Build.0 = Release|x64
		{234DDE93-8257-4660-8EC2-425741ED2008}.Release|x86.ActiveCfg = Release|Win32
		{234DDE93-8257-4660-8EC2-425741ED2008}.Release|x86.Build.0 = Release|Win32
		{537A58BC-7327-486E-9A33-AACCE9EA29C4}.Debug|x64.ActiveCfg = Debug|x64
		{537A58BC-7327-486E-9A33-AACCE9EA29C4}.Debug|x64.Build.0 = Debug|x64
		{537A58BC-7327-486E-9A33-AACCE9EA29C4}.Debug|x86.ActiveCfg = Debug|Win32
		{537A58BC-7327-486E-9A33-AACCE9EA29C4}.Debug|x86.Build.0 = Debug|Win32
		{537A58BC-7327-486E-9A33-AACCE9EA29C4}.Release|x64.ActiveCfg = Release|x64
		{537A58BC-7327-486E-9A33-AACCE9EA29C4}.Release|x64.Build.0 = Release|x64
		{537A58BC-7327-486E-9A33-AACCE9EA29C4}.Release|x86.ActiveCfg = Release|Win32
		{537A58BC-7327-486E-9A33-AACCE9EA29C4}.Release|x86.Build.0 = Release|Win32
		{D59708B3-05F5-4B10-B6BF-7FEBE50E01C9}.Debug|x64.ActiveCfg = Debug|x64
		{D59708B3-05F5-4B10-B6BF-7FEBE50E01C9}.Debug|x64.Build.0 = Debug|x64
		{D59708B3-05F5-4B10-B6BF-7FEBE50E01C9}.Debug|x86.ActiveCfg = Debug|Win32
		{D59708B3-05F5-4B10-B6BF-7FEBE50E01C9}.Debug|x86.Build.0 = Debug|Win32
		{D59708B3-05F5-4B10-B6BF-7FEBE50E01C9}.Release|x64.ActiveCfg = Release|x64
		{D59708B3-05F5-4B10-B6BF-7FEBE50E01C9}.Release|x64.Build.0 = Release|x64
		{D59708B3-05F5-4B10-B6BF-7FEBE50E01C9}.Release|x86.ActiveCfg = Release|Win32
		{D59708B3-05F5-4B10-B6BF-7FEBE50E01C9}.Release|x86.Build.0 = Release|Win32
		{8189F71D-7118-447F-AF2D-6D27626F1E41}.Debug|x64.ActiveCfg = Debug|x64
		{8189F71D-7118-447F-AF2D-6D27626F1E41}.Debug|x64.Build.0 = Debug|x64
		{8189F71D-7118-447F-AF2D-6D27626F1E41}.Debug|x86.ActiveCfg = Debug|Win32
		{8189F71D-7118-447F-AF2D-6D27626F1E41}.Debug|x86.Build.0 = Debug|Win32
		{8189F71D-7118-447F-AF2D-6D27626F1E41}.Release|x64.ActiveCfg = Release|x64
		{8189F71D-7118-447F-AF2D-6D27626F1E41}.Release|x64.Build.0 = Release|x64
		{8189F71D-7118-447F-AF2D-6D27626F1E41}.Release|x86.ActiveCfg = Release|Win32
		{8189F71D-7118-447F-AF2D-6D27626F1E41}.Release|x86.Build.0 = Release|Win32
		{0E4653FB-B6B1-4FF6-A6A5-4A5F0AC03B03}.Debug|x64.ActiveCfg = Debug|x64
		{0E4653FB-B6B1-4FF6-A6A5-4A5F0AC03B03}.Debug|x64.Build.0 = Debug|x64
		{0E4653FB-B6B1-4FF6-A6A5-4A5F0AC03B03}.Debug|x86.ActiveCfg = Debug|Win32
		{0E4653FB-B6B1-4FF6-A6A5-4A5F0AC03B03}.Debug|x86.Build.0 = Debug|Win32
		{0E4653FB-B6B1-4FF6-A6A5-4A5F0AC03B03}.Release|x64.ActiveCfg = Release|x64
		{0E4653FB-B6B1-4FF6-A6A5-4A5F0AC03B03}.Release|x64.Build.0 = Release|x64
		{0E4653FB-B6B1-4FF6-A6A5-4A5F0AC03B03}.Release|x86.ActiveCfg = Release|Win32
		{0E4653FB-B6B1-4FF6-A6A5-4A5F0AC03B03}.Release|x86.Build.0 = Release|Win32
		{C8F966AE-F731-4AC4-A4B8-079E3D737953}.Debug|x64.ActiveCfg = Debug|x64
		{C8F966AE-F731-4AC4-A4B8-079E3D737953}.Debug|x64.Build.0 = Debug|x64
		{C8F966AE-F731-4AC4-A4B8-079E3D737953}.Debug|x86.ActiveCfg = Debug|Win32
		{C8F966AE-F731-4AC4-A4B8-079E3D737953}.Debug|x86.Build.0 = Debug|Win32
		{C8F966AE-F731-4AC4-A4B8-079E3D737953}.Release|x64.ActiveCfg = Release|x64
		{C8F966AE-F731-4AC4-A4B8-079E3D737953}.Release|x64.Build.0 = Release|x64
		{C8F966AE-F731-4AC4-A4B8-079E3D737953}.Release|x86.ActiveCfg = Release|Win32
		{C8F966AE-F731-4AC4-A4B8-079E3D737953}.Release|x86.Build.0 = Release|Win32
		{CA6DDC96-ACC6-48F4-B753-9F7A3E7C1568}.Debug|x64.ActiveCfg = Debug|x64
		{CA6DDC96-ACC6-48F4-B753-9F7A3E7C1568}.Debug|x64.Build.0 = Debug|x64
		{CA6DDC96-ACC6-48F4-B753-9F7A3E7C1568}.Debug|x86.ActiveCfg = Debug|Win32
		{CA6DDC96-ACC6-48F4-B753-9F7A3E7C1568}.Debug|x86.Build.0 = Debug|Win32
		{CA6DDC96-ACC6-48F4-B753-9F7A3E7C1568}.Release|x64.ActiveCfg = Release|x64
		{CA6DDC96-ACC6-48F4-B753-9F7A3E7C1568}.Release|x64.Build.0 = Release|x64
		{CA6DDC96-ACC6-48F4-B753-9F7A3E7C1568}.Release|x86.ActiveCfg = Release|Win32
		{CA6DDC96-ACC6-48F4-B753-9F7A3E7C1568}.Release|x86.Build.0 = Release|Win32
		{2FEF50BD-3201-42CA-90BC-09336BB4840A}.Debug|x64.ActiveCfg = Debug|x64
		{2FEF50BD-3201-42CA-90BC-09336BB4840A}.Debug|x64.Build.0 = Debug|x64
		{2FEF50BD-3201-42CA-90BC-09336BB4840A}.Debug|x86.ActiveCfg = Debug|Win32
		{2FEF50BD-3201-42CA-90BC-09336BB4840A}.Debug|x86.Build.0 = Debug|Win32
		{2FEF50BD-3201-42CA-90BC-09336BB4840A}.Release|x64.ActiveCfg = Release|x64
		{2FEF50BD-3201-42CA-90BC-09336BB4840A}.Release|x64.Build.0 = Release|x64
		{2FEF50BD-3201-42CA-90BC-09336BB4840A}.Release|x86.ActiveCfg = Release|Win32
		{2FEF50BD-3201-42CA-90BC-09336BB4840A}.Release|x86.Build.0 = Release|Win32
		{87FF03A2-F703-4F62-9EE8-A3816B029C4E}.Debug|x64.ActiveCfg = Debug|x64
		{87FF03A2-F703-4F62-9EE8-A3816B029C4E}.Debug|x64.Build.0 = Debug|x64
		{87FF03A2-F703-4F62-9EE8-A3816B029C4E}.Debug|x86.ActiveCfg = Debug|Win32
		{87FF03A2-F703-4F62-9EE8-A3816B029C4E}.Debug|x86.Build.0 = Debug|Win32
		{87FF03A2-F703-4F62-9EE8-A3816B029C4E}.Release|x64.ActiveCfg = Release|x64
		{87FF03A2-F703-4F62-9EE8-A3816B029C4E}.Release|x64.Build.0 = Release|x64
		{87FF03A2-F703-4F62-9EE8-A3816B029C4E}.Release|x86.ActiveCfg = Release|Win32
		{87FF03A2-F703-4F62-9EE8-A3816B029C4E}.Release|x86.Build.0 = Release|Win32
		{9819A554-4A26-44F5-BA6B-3B0C974A386B}.Debug|x64.ActiveCfg = Debug|x64
		{9819A554-4A26-44F5-BA6B-3B0C974A386B}.Debug|x64.Build.0 = Debug|x64
		{9819A554-4A26-44F5-BA6B-3B0C974A386B}.Debug|x86.ActiveCfg = Debug|Win32
		{9819A554-4A26-44F5-BA6B-3B0C974A386B}.Debug|x86.Build.0 = Debug|Win32
		{9819A554-4A26-44F5-BA6B-3B0C974A386B}.Release|x64.ActiveCfg = Release|x64
		{9819A554-4A26-44F5-BA6B-3B0C974A386B}.Release|x64.Build.0 = Release|x64
		{9819A554-4A26-44F5-BA6B-3B0C974A386B}.Release|x86.ActiveCfg = Release|Win32
		{9819A554-4A26-44F5-BA6B-3B0C974A386B}.Release|x86.Build.0 = Release|Win32
		{F128C826-F2FE-41A0-836C-221598DE859F}.Debug|x64.ActiveCfg = Debug|x64
		{F128C826-F2FE-41A0-836C-221598DE859F}.Debug|x64.Build.0 = Debug|x64
		{F128C826-F2FE-41A0-836C-221598DE859F}.Debug|x86.ActiveCfg = Debug|Win32
		{F128C826-F2FE-41A0-836C-221598DE859F}.Debug|x86.Build.0 = Debug|Win32
		{F128C826-F2FE-41A0-836C-221598DE859F}.Release|x64.ActiveCfg = Release|x64
		{F128C826-F2FE-41A0-836C-221598DE859F}.Release|x64.Build.0 = Release|x64
		{F128C826-F2FE-41A0-836C-221598DE859F}.Release|x86.ActiveCfg = Release|Win32
		{F128C826-F2FE-41A0-836C-221598DE859F}.Release|x86.Build.0 = Release|Win32
		{002D9E20-9090-4582-B629-93F60A31F2C4}.Debug|x64.ActiveCfg = Debug|x64
		{002D9E20-9090-4582-B629-93F60A31F2C4}.Debug|x64.Build.0 = Debug|x64
		{002D9E20-9090-4582-B629-93F60A31F2C4}.Debug|x86.ActiveCfg = Debug|Win32
		{002D9E20-9090-4582-B629-93F60A31F2C4}.Debug|x86.Build.0 = Debug|Win32
		{002D9E20-9090-4582-B629-93F60A31F2C4}.Release|x64.ActiveCfg = Release|x64
		{002D9E20-9090-4582-B629-93F60A31F2C4}.Release|x64.Build.0 = Release|x64
		{002D9E20-9090-4582-B629-93F60A31F2C4}.Release|x86.ActiveCfg = Release|Win32
		{002D9E20-9090-4582-B629-93F60A31F2C4}.Release|x86.Build.0 = Release|Win32
		{201FFF8E-C319-43F4-BA47-00D4F0B48760}.Debug|x64.ActiveCfg = Debug|x64
		{201FFF8E-C319-43F4-BA47-00D4F0B48760}.Debug|x64.Build.0 = Debug|x64
		{201FFF8E-C319-43F4-BA47-00D4F0B48760}.Debug|x86.ActiveCfg = Debug|Win32
		{201FFF8E-C319-43F4-BA47-00D4F0B48760}.Debug|x86.Build.0 = Debug|Win32
		{201FFF8E-C319-43F4-BA47-00D4F0B48760}.Release|x64.ActiveCfg = Release|x64
		{201FFF8E-C319-43F4-BA47-00D4F0B48760}.Release|x64.Build.0 = Release|x64
		{201FFF8E-C319-43F4-BA47-00D4F0B48760}.Release|x86.ActiveCfg = Release|Win32
		{201FFF8E-C319-43F4-BA47-00D4F0B48760}.Release|x86.Build.0 = Release|Win32
		{8A39341D-6338-4319-88A9-5DA84B90C35C}.Debug|x64.ActiveCfg = Debug|x64
		{8A39341D-6338-4319-88A9-5DA84B90C35C}.Debug|x64.Build.0 = Debug|x64
		{8A39341D-6338-4319-88A9-5DA84B90C35C}.Debug|x86.ActiveCfg = Debug|Win32
		{8A39341D-6338-4319-88A9-5DA84B90C35C}.Debug|x86.Build.0 = Debug|Win32
		{8A39341D-6338-4319-88A9-5DA84B90C35C}.Release|x64.ActiveCfg = Release|x64
		{8A39341D-6338-4319-88A9-5DA84B90C35C}.Release|x64.Build.0 = Release|x64
		{8A39341D-6338-4319-88A9-5DA84B90C35C}.Release|x86.ActiveCfg = Release|Win32
		{8A39341D-6338-4319-88A9-5DA84B90C35C}.Release|x86.Build.0 = Release|Win32
		{F83DB826-EFB8-4073-9AD8-8F379BD88C37}.Debug|x64.ActiveCfg = Debug|x64
		{F83DB826-EFB8-4073-9AD8-8F379BD88C37}.Debug|x64.Build.0 = Debug|x64
		{F83DB826-EFB8-4073-9AD8-8F379BD88C37}.Debug|x86.ActiveCfg = Debug|Win32
		{F83DB826-EFB8-4073-9AD8-8F379BD88C37}.Debug|x86.Build.0 = Debug|Win32
		{F83DB826-EFB8-4073-9AD8-8F379BD88C37}.Release|x64.ActiveCfg = Release|x64
		{F83DB826-EFB8-4073-9AD8-8F379BD88C37}.Release|x64.Build.0 = Release|x64
		{F83DB826-EFB8-4073-9AD8-8F379BD88C37}.Release|x86.ActiveCfg = Release|Win32
		{F83DB826-EFB8-4073-9AD8-8F379BD88C37}.Release|x86.Build.0 = Release|Win32
		{05C3DF19-8664-47A9-A1A4-9B1C5553E4CE}.Debug|x64.ActiveCfg = Debug|x64
		{05C3DF19-8664-47A9-A1A4-9B1C5553E4CE}.Debug|x64.Build.0 = Debug|x64
		{05C3DF19-8664-47A9-A1A4-9B1C5553E4CE}.Debug|x86.ActiveCfg = Debug|Win32
		{05C3DF19-8664-47A9-A1A4-9B1C5553E4CE}.Debug|x86.Build.0 = Debug|Win32
		{05C3DF19-8664-47A9-A1A4-9B1C5553E4CE}.Release|x64.ActiveCfg = Release|x64
		{05C3DF19-8664-47A9-A1A4-9B1C5553E4CE}.Release|x64.Build.0 = Release|x64
		{05C3DF19-8664-47A9-A1A4-9B1C5553E4CE}.Release|x86.ActiveCfg = Release|Win32
		{05C3DF19-8664-47A9-A1A4-9B1C5553E4CE}.Release|x86.Build.0 = Release|Win32
		{F72E906A-2F47-4EC2-8749-D697DB5A95E1}.Debug|x64.ActiveCfg = Debug|x64
		{F72E906A-2F47-4EC2-8749-D697DB5A95E1}.Debug|x64.Build.0 = Debug|x64
		{F72E906A-2F47-4EC2-8749-D697DB5A95E1}.Debug|x86.ActiveCfg = Debug|Win32
		{F72E906A-2F47-4EC2-8749-D697DB5A95E1}.Debug|x86.Build.0 = Debug|Win32
		{F72E906A-2F47-4EC2-8749-D697DB5A95E1}.Release|x64.ActiveCfg = Release|x64
		{F72E906A-2F47-4EC2-8749-D697DB5A95E1}.Release|x64.Build.0 = Release|x64
		{F72E906A-2F47-4EC2-8749-D697DB5A95E1}.Release|x86.ActiveCfg = Release|Win32
		{F72E906A-2F47-4EC2-8749-D697DB5A95E1}.Release|x86.Build.0 = Release|Win32
	EndGlobalSection
	GlobalSection(SolutionProperties) = preSolution
		HideSolutionNode = FALSE
	EndGlobalSection
	GlobalSection(ExtensibilityGlobals) = postSolution
		SolutionGuid = {5A1E1492-FB63-408A-ACB8-1313E04FFB52}
	EndGlobalSection
EndGlobal
