
Microsoft Visual Studio Solution File, Format Version 12.00
# Visual Studio Version 17
VisualStudioVersion = 17.11.35222.181
MinimumVisualStudioVersion = 10.0.40219.1
Project("{8BC9CEB8-8B4A-11D0-8D11-00A0C91BC942}") = "wrote_240924", "wrote_240924\wrote_240924.vcxproj", "{D10B4A04-DF78-485D-9712-1DD5838286C1}"
EndProject
Project("{8BC9CEB8-8B4A-11D0-8D11-00A0C91BC942}") = "wrote_240925", "wrote_240925\wrote_240925.vcxproj", "{8E8D8F50-FA9A-42DC-8F3C-C28BC9001DD5}"
EndProject
Project("{8BC9CEB8-8B4A-11D0-8D11-00A0C91BC942}") = "wrote_240926", "wrote_240926\wrote_240926.vcxproj", "{3D803EA2-9DBD-4E95-8E97-9CB789397DA8}"
EndProject
Project("{8BC9CEB8-8B4A-11D0-8D11-00A0C91BC942}") = "wrote_240927", "wrote_240927\wrote_240927.vcxproj", "{234DDE93-8257-4660-8EC2-425741ED2008}"
EndProject
Project("{8BC9CEB8-8B4A-11D0-8D11-00A0C91BC942}") = "wrote_240930", "wrote_240930\wrote_240930.vcxproj", "{537A58BC-7327-486E-9A33-AACCE9EA29C4}"
EndProject
Project("{8BC9CEB8-8B4A-11D0-8D11-00A0C91BC942}") = "wrote_241004", "wrote_241004\wrote_241004.vcxproj", "{D59708B3-05F5-4B10-B6BF-7FEBE50E01C9}"
EndProject
Project("{8BC9CEB8-8B4A-11D0-8D11-00A0C91BC942}") = "wrote_241007", "wrote_241007\wrote_241007.vcxproj", "{8189F71D-7118-447F-AF2D-6D27626F1E41}"
EndProject
Project("{8BC9CEB8-8B4A-11D0-8D11-00A0C91BC942}") = "wrote_241008", "wrote_241008\wrote_241008.vcxproj", "{0E4653FB-B6B1-4FF6-A6A5-4A5F0AC03B03}"
EndProject
Project("{8BC9CEB8-8B4A-11D0-8D11-00A0C91BC942}") = "wrote_241010", "wrote_241010\wrote_241010.vcxproj", "{C8F966AE-F731-4AC4-A4B8-079E3D737953}"
EndProject
Project("{8BC9CEB8-8B4A-11D0-8D11-00A0C91BC942}") = "wrote_241011", "wrote_241011\wrote_241011.vcxproj", "{CA6DDC96-ACC6-48F4-B753-9F7A3E7C1568}"
EndProject
Project("{8BC9CEB8-8B4A-11D0-8D11-00A0C91BC942}") = "wrote_241014 M", "wrote_241014\wrote_241014.vcxproj", "{2FEF50BD-3201-42CA-90BC-09336BB4840A}"
EndProject
Project("{8BC9CEB8-8B4A-11D0-8D11-00A0C91BC942}") = "wrote_241015", "wrote_241015\wrote_241015.vcxproj", "{87FF03A2-F703-4F62-9EE8-A3816B029C4E}"
EndProject
Project("{8BC9CEB8-8B4A-11D0-8D11-00A0C91BC942}") = "wrote_241016", "wrote_241016\wrote_241016.vcxproj", "{9819A554-4A26-44F5-BA6B-3B0C974A386B}"
EndProject
Project("{8BC9CEB8-8B4A-11D0-8D11-00A0C91BC942}") = "wrote_241017", "wrote_241017\wrote_241017.vcxproj", "{F128C826-F2FE-41A0-836C-221598DE859F}"
EndProject
Project("{8BC9CEB8-8B4A-11D0-8D11-00A0C91BC942}") = "wrote_241018", "wrote_241018\wrote_241018.vcxproj", "{002D9E20-9090-4582-B629-93F60A31F2C4}"
EndProject
Project("{8BC9CEB8-8B4A-11D0-8D11-00A0C91BC942}") = "wrote_241021 M", "wrote_241021 M\wrote_241021 M.vcxproj", "{201FFF8E-C319-43F4-BA47-00D4F0B48760}"
EndProject
Project("{8BC9CEB8-8B4A-11D0-8D11-00A0C91BC942}") = "wrote_241022", "wrote_241022\wrote_241022.vcxproj", "{8A39341D-6338-4319-88A9-5DA84B90C35C}"
EndProject
Project("{8BC9CEB8-8B4A-11D0-8D11-00A0C91BC942}") = "wrote_241023", "wrote_241023\wrote_241023.vcxproj", "{F83DB826-EFB8-4073-9AD8-8F379BD88C37}"
EndProject
Project("{8BC9CEB8-8B4A-11D0-8D11-00A0C91BC942}") = "wrote_241024", "wrote_241024\wrote_241024.vcxproj", "{05C3DF19-8664-47A9-A1A4-9B1C5553E4CE}"
EndProject
Project("{8BC9CEB8-8B4A-11D0-8D11-00A0C91BC942}") = "wrote_241025", "wrote_241025\wrote_241025.vcxproj", "{F72E906A-2F47-4EC2-8749-D697DB5A95E1}"
EndProject
Project("{8BC9CEB8-8B4A-11D0-8D11-00A0C91BC942}") = "wrote_241028 M", "wrote_241028 M\wrote_241028 M.vcxproj", "{9BA6C3CC-EDF9-4162-9321-7B4A677A0DA2}"
EndProject
Project("{8BC9CEB8-8B4A-11D0-8D11-00A0C91BC942}") = "wrote_241029", "wrote_241029\wrote_241029.vcxproj", "{D68BDD90-1B5C-43BE-9B03-5DA7B4BC5C60}"
EndProject
Project("{8BC9CEB8-8B4A-11D0-8D11-00A0C91BC942}") = "wrote_241030", "wrote_241030\wrote_241030.vcxproj", "{EE7031F7-CD67-4605-AE37-A07D4950F2A0}"
EndProject
Project("{8BC9CEB8-8B4A-11D0-8D11-00A0C91BC942}") = "wrote_241031", "wrote_241031\wrote_241031.vcxproj", "{80B958FC-ED79-411C-A989-34C22C89AACA}"
EndProject
Project("{8BC9CEB8-8B4A-11D0-8D11-00A0C91BC942}") = "wrote_241101", "wrote_241101\wrote_241101.vcxproj", "{25E2256E-695B-40CF-AFAC-C0147C8691A6}"
EndProject
Project("{8BC9CEB8-8B4A-11D0-8D11-00A0C91BC942}") = "wrote_241104 M", "wrote_241104\wrote_241104.vcxproj", "{65EBB855-47D4-4602-B549-733A25C6BDD9}"
EndProject
Project("{8BC9CEB8-8B4A-11D0-8D11-00A0C91BC942}") = "wrote_241105", "wrote_241105\wrote_241105.vcxproj", "{77835081-65F7-433F-9054-721CBF339FAC}"
EndProject
Project("{8BC9CEB8-8B4A-11D0-8D11-00A0C91BC942}") = "wrote_241106", "wrote_241106\wrote_241106.vcxproj", "{A7B4E4DC-C430-40E2-A7D4-8CF72E445AD3}"
EndProject
Project("{8BC9CEB8-8B4A-11D0-8D11-00A0C91BC942}") = "wrote_241107", "wrote_241107\wrote_241107.vcxproj", "{57F8C700-20A2-45C1-8150-5A7E5107E5E8}"
EndProject
Project("{8BC9CEB8-8B4A-11D0-8D11-00A0C91BC942}") = "wrote_241108", "wrote_241108\wrote_241108.vcxproj", "{03BC9DB3-88D8-4CD3-945F-B8CD595F0FC6}"
EndProject
Project("{8BC9CEB8-8B4A-11D0-8D11-00A0C91BC942}") = "wrote_241111 M", "wrote_241111 M\wrote_241111 M.vcxproj", "{E2E0966A-D581-461A-AEBE-4E1E62481CB5}"
EndProject
Project("{8BC9CEB8-8B4A-11D0-8D11-00A0C91BC942}") = "wrote_241113", "wrote_241113\wrote_241113.vcxproj", "{1E98FA17-C6FD-4045-A4BC-8273259895F1}"
EndProject
Project("{8BC9CEB8-8B4A-11D0-8D11-00A0C91BC942}") = "wrote_241114", "wrote_241114\wrote_241114.vcxproj", "{A47908E7-0599-4E3E-A204-902F155AC885}"
EndProject
Project("{8BC9CEB8-8B4A-11D0-8D11-00A0C91BC942}") = "wrote_241115", "wrote_241115\wrote_241115.vcxproj", "{4BC842C5-84A3-481D-BCF4-A0E4A08573DE}"
EndProject
Project("{8BC9CEB8-8B4A-11D0-8D11-00A0C91BC942}") = "wrote_241120 W", "wrote_241120 W\wrote_241120 W.vcxproj", "{2C887B9F-F6AD-47FD-BE69-208EC574685B}"
EndProject
Project("{8BC9CEB8-8B4A-11D0-8D11-00A0C91BC942}") = "wrote_241202 M", "wrote_241202 M\wrote_241202 M.vcxproj", "{22772B2F-F75E-4889-9CB0-4D4233755D73}"
EndProject
Project("{8BC9CEB8-8B4A-11D0-8D11-00A0C91BC942}") = "wrote_241203", "wrote_241203\wrote_241203.vcxproj", "{ECB9545A-53DF-4A10-830A-67B5B21A337D}"
EndProject
Project("{8BC9CEB8-8B4A-11D0-8D11-00A0C91BC942}") = "wrote_241204", "wrote_241204\wrote_241204.vcxproj", "{075D9F6C-9285-455F-9D5A-2FED2E89990D}"
EndProject
Project("{8BC9CEB8-8B4A-11D0-8D11-00A0C91BC942}") = "wrote_241205", "wrote_241205\wrote_241205.vcxproj", "{CDEDB6AE-0BB9-4271-BE22-216A81ED5E6A}"
EndProject
Project("{8BC9CEB8-8B4A-11D0-8D11-00A0C91BC942}") = "wrote_241206", "wrote_241206\wrote_241206.vcxproj", "{22C7DF69-A612-4918-9809-6A9748083987}"
EndProject
Project("{8BC9CEB8-8B4A-11D0-8D11-00A0C91BC942}") = "wrote_241209 M", "wrote_241209 M\wrote_241209 M.vcxproj", "{43246B26-C0F1-4D24-B6A4-9793D76C028D}"
EndProject
Project("{8BC9CEB8-8B4A-11D0-8D11-00A0C91BC942}") = "wrote_241210", "wrote_241210\wrote_241210.vcxproj", "{BFA2E24A-B5D0-47B1-A525-40502A090919}"
EndProject
Project("{8BC9CEB8-8B4A-11D0-8D11-00A0C91BC942}") = "wrote_241211", "wrote_241211\wrote_241211.vcxproj", "{FB54FDB9-6F82-4AF3-AD6F-0C886BC89895}"
EndProject
Project("{8BC9CEB8-8B4A-11D0-8D11-00A0C91BC942}") = "wrote_241212", "wrote_241212\wrote_241212.vcxproj", "{6B95E537-6D6B-4912-9521-6520A8BF12E4}"
EndProject
Project("{8BC9CEB8-8B4A-11D0-8D11-00A0C91BC942}") = "wrote_241213", "wrote_241213\wrote_241213.vcxproj", "{2D98DBD6-EE31-4CBA-8CDA-4A76717EC259}"
EndProject
Project("{8BC9CEB8-8B4A-11D0-8D11-00A0C91BC942}") = "wrote_241216 M", "wrote_241216\wrote_241216.vcxproj", "{849AEF90-9D4F-4D8B-922F-BE589EBA8FD9}"
EndProject
Project("{8BC9CEB8-8B4A-11D0-8D11-00A0C91BC942}") = "wrote_241217", "wrote_241217\wrote_241217.vcxproj", "{12950283-E9F4-454D-AA5E-B057AB2199C7}"
EndProject
Project("{8BC9CEB8-8B4A-11D0-8D11-00A0C91BC942}") = "wrote_241218", "wrote_241218\wrote_241218.vcxproj", "{A9CF0AE9-4703-4365-8397-97C778DA4549}"
EndProject
Project("{8BC9CEB8-8B4A-11D0-8D11-00A0C91BC942}") = "wrote_241219", "wrote_241219\wrote_241219.vcxproj", "{4B700A6E-ADEA-4664-A945-91CFF4C35BB9}"
EndProject
Project("{8BC9CEB8-8B4A-11D0-8D11-00A0C91BC942}") = "wrote_241220", "wrote_241220\wrote_241220.vcxproj", "{DDBF2ABC-B581-483B-A42B-EBA8BB788849}"
EndProject
Project("{8BC9CEB8-8B4A-11D0-8D11-00A0C91BC942}") = "wrote_241223 M", "wrote_241223 M\wrote_241223 M.vcxproj", "{B05CA067-937C-4DAB-B0B4-BBF47F2AE302}"
EndProject
Project("{8BC9CEB8-8B4A-11D0-8D11-00A0C91BC942}") = "wrote_241224", "wrote_241224\wrote_241224.vcxproj", "{C4E8BF34-5B99-4EFF-B22E-1E8EB274D5D3}"
EndProject
Project("{8BC9CEB8-8B4A-11D0-8D11-00A0C91BC942}") = "wrote_241226", "wrote_241226\wrote_241226.vcxproj", "{30D69BCE-DBDA-4B9C-A4B4-EDFCE30CD92D}"
EndProject
Project("{8BC9CEB8-8B4A-11D0-8D11-00A0C91BC942}") = "wrote_241227", "wrote_241227\wrote_241227.vcxproj", "{7B139A67-B6A2-45A8-8516-584EF317A74E}"
EndProject
Project("{8BC9CEB8-8B4A-11D0-8D11-00A0C91BC942}") = "wrote_241230", "wrote_241230\wrote_241230.vcxproj", "{178674A5-C853-4FBA-B2CC-A3CE0B941A8F}"
EndProject
Global
	GlobalSection(SolutionConfigurationPlatforms) = preSolution
		Debug|x64 = Debug|x64
		Debug|x86 = Debug|x86
		Release|x64 = Release|x64
		Release|x86 = Release|x86
	EndGlobalSection
	GlobalSection(ProjectConfigurationPlatforms) = postSolution
		{D10B4A04-DF78-485D-9712-1DD5838286C1}.Debug|x64.ActiveCfg = Debug|x64
		{D10B4A04-DF78-485D-9712-1DD5838286C1}.Debug|x64.Build.0 = Debug|x64
		{D10B4A04-DF78-485D-9712-1DD5838286C1}.Debug|x86.ActiveCfg = Debug|Win32
		{D10B4A04-DF78-485D-9712-1DD5838286C1}.Debug|x86.Build.0 = Debug|Win32
		{D10B4A04-DF78-485D-9712-1DD5838286C1}.Release|x64.ActiveCfg = Release|x64
		{D10B4A04-DF78-485D-9712-1DD5838286C1}.Release|x64.Build.0 = Release|x64
		{D10B4A04-DF78-485D-9712-1DD5838286C1}.Release|x86.ActiveCfg = Release|Win32
		{D10B4A04-DF78-485D-9712-1DD5838286C1}.Release|x86.Build.0 = Release|Win32
		{8E8D8F50-FA9A-42DC-8F3C-C28BC9001DD5}.Debug|x64.ActiveCfg = Debug|x64
		{8E8D8F50-FA9A-42DC-8F3C-C28BC9001DD5}.Debug|x64.Build.0 = Debug|x64
		{8E8D8F50-FA9A-42DC-8F3C-C28BC9001DD5}.Debug|x86.ActiveCfg = Debug|Win32
		{8E8D8F50-FA9A-42DC-8F3C-C28BC9001DD5}.Debug|x86.Build.0 = Debug|Win32
		{8E8D8F50-FA9A-42DC-8F3C-C28BC9001DD5}.Release|x64.ActiveCfg = Release|x64
		{8E8D8F50-FA9A-42DC-8F3C-C28BC9001DD5}.Release|x64.Build.0 = Release|x64
		{8E8D8F50-FA9A-42DC-8F3C-C28BC9001DD5}.Release|x86.ActiveCfg = Release|Win32
		{8E8D8F50-FA9A-42DC-8F3C-C28BC9001DD5}.Release|x86.Build.0 = Release|Win32
		{3D803EA2-9DBD-4E95-8E97-9CB789397DA8}.Debug|x64.ActiveCfg = Debug|x64
		{3D803EA2-9DBD-4E95-8E97-9CB789397DA8}.Debug|x64.Build.0 = Debug|x64
		{3D803EA2-9DBD-4E95-8E97-9CB789397DA8}.Debug|x86.ActiveCfg = Debug|Win32
		{3D803EA2-9DBD-4E95-8E97-9CB789397DA8}.Debug|x86.Build.0 = Debug|Win32
		{3D803EA2-9DBD-4E95-8E97-9CB789397DA8}.Release|x64.ActiveCfg = Release|x64
		{3D803EA2-9DBD-4E95-8E97-9CB789397DA8}.Release|x64.Build.0 = Release|x64
		{3D803EA2-9DBD-4E95-8E97-9CB789397DA8}.Release|x86.ActiveCfg = Release|Win32
		{3D803EA2-9DBD-4E95-8E97-9CB789397DA8}.Release|x86.Build.0 = Release|Win32
		{234DDE93-8257-4660-8EC2-425741ED2008}.Debug|x64.ActiveCfg = Debug|x64
		{234DDE93-8257-4660-8EC2-425741ED2008}.Debug|x64.Build.0 = Debug|x64
		{234DDE93-8257-4660-8EC2-425741ED2008}.Debug|x86.ActiveCfg = Debug|Win32
		{234DDE93-8257-4660-8EC2-425741ED2008}.Debug|x86.Build.0 = Debug|Win32
		{234DDE93-8257-4660-8EC2-425741ED2008}.Release|x64.ActiveCfg = Release|x64
		{234DDE93-8257-4660-8EC2-425741ED2008}.Release|x64.Build.0 = Release|x64
		{234DDE93-8257-4660-8EC2-425741ED2008}.Release|x86.ActiveCfg = Release|Win32
		{234DDE93-8257-4660-8EC2-425741ED2008}.Release|x86.Build.0 = Release|Win32
		{537A58BC-7327-486E-9A33-AACCE9EA29C4}.Debug|x64.ActiveCfg = Debug|x64
		{537A58BC-7327-486E-9A33-AACCE9EA29C4}.Debug|x64.Build.0 = Debug|x64
		{537A58BC-7327-486E-9A33-AACCE9EA29C4}.Debug|x86.ActiveCfg = Debug|Win32
		{537A58BC-7327-486E-9A33-AACCE9EA29C4}.Debug|x86.Build.0 = Debug|Win32
		{537A58BC-7327-486E-9A33-AACCE9EA29C4}.Release|x64.ActiveCfg = Release|x64
		{537A58BC-7327-486E-9A33-AACCE9EA29C4}.Release|x64.Build.0 = Release|x64
		{537A58BC-7327-486E-9A33-AACCE9EA29C4}.Release|x86.ActiveCfg = Release|Win32
		{537A58BC-7327-486E-9A33-AACCE9EA29C4}.Release|x86.Build.0 = Release|Win32
		{D59708B3-05F5-4B10-B6BF-7FEBE50E01C9}.Debug|x64.ActiveCfg = Debug|x64
		{D59708B3-05F5-4B10-B6BF-7FEBE50E01C9}.Debug|x64.Build.0 = Debug|x64
		{D59708B3-05F5-4B10-B6BF-7FEBE50E01C9}.Debug|x86.ActiveCfg = Debug|Win32
		{D59708B3-05F5-4B10-B6BF-7FEBE50E01C9}.Debug|x86.Build.0 = Debug|Win32
		{D59708B3-05F5-4B10-B6BF-7FEBE50E01C9}.Release|x64.ActiveCfg = Release|x64
		{D59708B3-05F5-4B10-B6BF-7FEBE50E01C9}.Release|x64.Build.0 = Release|x64
		{D59708B3-05F5-4B10-B6BF-7FEBE50E01C9}.Release|x86.ActiveCfg = Release|Win32
		{D59708B3-05F5-4B10-B6BF-7FEBE50E01C9}.Release|x86.Build.0 = Release|Win32
		{8189F71D-7118-447F-AF2D-6D27626F1E41}.Debug|x64.ActiveCfg = Debug|x64
		{8189F71D-7118-447F-AF2D-6D27626F1E41}.Debug|x64.Build.0 = Debug|x64
		{8189F71D-7118-447F-AF2D-6D27626F1E41}.Debug|x86.ActiveCfg = Debug|Win32
		{8189F71D-7118-447F-AF2D-6D27626F1E41}.Debug|x86.Build.0 = Debug|Win32
		{8189F71D-7118-447F-AF2D-6D27626F1E41}.Release|x64.ActiveCfg = Release|x64
		{8189F71D-7118-447F-AF2D-6D27626F1E41}.Release|x64.Build.0 = Release|x64
		{8189F71D-7118-447F-AF2D-6D27626F1E41}.Release|x86.ActiveCfg = Release|Win32
		{8189F71D-7118-447F-AF2D-6D27626F1E41}.Release|x86.Build.0 = Release|Win32
		{0E4653FB-B6B1-4FF6-A6A5-4A5F0AC03B03}.Debug|x64.ActiveCfg = Debug|x64
		{0E4653FB-B6B1-4FF6-A6A5-4A5F0AC03B03}.Debug|x64.Build.0 = Debug|x64
		{0E4653FB-B6B1-4FF6-A6A5-4A5F0AC03B03}.Debug|x86.ActiveCfg = Debug|Win32
		{0E4653FB-B6B1-4FF6-A6A5-4A5F0AC03B03}.Debug|x86.Build.0 = Debug|Win32
		{0E4653FB-B6B1-4FF6-A6A5-4A5F0AC03B03}.Release|x64.ActiveCfg = Release|x64
		{0E4653FB-B6B1-4FF6-A6A5-4A5F0AC03B03}.Release|x64.Build.0 = Release|x64
		{0E4653FB-B6B1-4FF6-A6A5-4A5F0AC03B03}.Release|x86.ActiveCfg = Release|Win32
		{0E4653FB-B6B1-4FF6-A6A5-4A5F0AC03B03}.Release|x86.Build.0 = Release|Win32
		{C8F966AE-F731-4AC4-A4B8-079E3D737953}.Debug|x64.ActiveCfg = Debug|x64
		{C8F966AE-F731-4AC4-A4B8-079E3D737953}.Debug|x64.Build.0 = Debug|x64
		{C8F966AE-F731-4AC4-A4B8-079E3D737953}.Debug|x86.ActiveCfg = Debug|Win32
		{C8F966AE-F731-4AC4-A4B8-079E3D737953}.Debug|x86.Build.0 = Debug|Win32
		{C8F966AE-F731-4AC4-A4B8-079E3D737953}.Release|x64.ActiveCfg = Release|x64
		{C8F966AE-F731-4AC4-A4B8-079E3D737953}.Release|x64.Build.0 = Release|x64
		{C8F966AE-F731-4AC4-A4B8-079E3D737953}.Release|x86.ActiveCfg = Release|Win32
		{C8F966AE-F731-4AC4-A4B8-079E3D737953}.Release|x86.Build.0 = Release|Win32
		{CA6DDC96-ACC6-48F4-B753-9F7A3E7C1568}.Debug|x64.ActiveCfg = Debug|x64
		{CA6DDC96-ACC6-48F4-B753-9F7A3E7C1568}.Debug|x64.Build.0 = Debug|x64
		{CA6DDC96-ACC6-48F4-B753-9F7A3E7C1568}.Debug|x86.ActiveCfg = Debug|Win32
		{CA6DDC96-ACC6-48F4-B753-9F7A3E7C1568}.Debug|x86.Build.0 = Debug|Win32
		{CA6DDC96-ACC6-48F4-B753-9F7A3E7C1568}.Release|x64.ActiveCfg = Release|x64
		{CA6DDC96-ACC6-48F4-B753-9F7A3E7C1568}.Release|x64.Build.0 = Release|x64
		{CA6DDC96-ACC6-48F4-B753-9F7A3E7C1568}.Release|x86.ActiveCfg = Release|Win32
		{CA6DDC96-ACC6-48F4-B753-9F7A3E7C1568}.Release|x86.Build.0 = Release|Win32
		{2FEF50BD-3201-42CA-90BC-09336BB4840A}.Debug|x64.ActiveCfg = Debug|x64
		{2FEF50BD-3201-42CA-90BC-09336BB4840A}.Debug|x64.Build.0 = Debug|x64
		{2FEF50BD-3201-42CA-90BC-09336BB4840A}.Debug|x86.ActiveCfg = Debug|Win32
		{2FEF50BD-3201-42CA-90BC-09336BB4840A}.Debug|x86.Build.0 = Debug|Win32
		{2FEF50BD-3201-42CA-90BC-09336BB4840A}.Release|x64.ActiveCfg = Release|x64
		{2FEF50BD-3201-42CA-90BC-09336BB4840A}.Release|x64.Build.0 = Release|x64
		{2FEF50BD-3201-42CA-90BC-09336BB4840A}.Release|x86.ActiveCfg = Release|Win32
		{2FEF50BD-3201-42CA-90BC-09336BB4840A}.Release|x86.Build.0 = Release|Win32
		{87FF03A2-F703-4F62-9EE8-A3816B029C4E}.Debug|x64.ActiveCfg = Debug|x64
		{87FF03A2-F703-4F62-9EE8-A3816B029C4E}.Debug|x64.Build.0 = Debug|x64
		{87FF03A2-F703-4F62-9EE8-A3816B029C4E}.Debug|x86.ActiveCfg = Debug|Win32
		{87FF03A2-F703-4F62-9EE8-A3816B029C4E}.Debug|x86.Build.0 = Debug|Win32
		{87FF03A2-F703-4F62-9EE8-A3816B029C4E}.Release|x64.ActiveCfg = Release|x64
		{87FF03A2-F703-4F62-9EE8-A3816B029C4E}.Release|x64.Build.0 = Release|x64
		{87FF03A2-F703-4F62-9EE8-A3816B029C4E}.Release|x86.ActiveCfg = Release|Win32
		{87FF03A2-F703-4F62-9EE8-A3816B029C4E}.Release|x86.Build.0 = Release|Win32
		{9819A554-4A26-44F5-BA6B-3B0C974A386B}.Debug|x64.ActiveCfg = Debug|x64
		{9819A554-4A26-44F5-BA6B-3B0C974A386B}.Debug|x64.Build.0 = Debug|x64
		{9819A554-4A26-44F5-BA6B-3B0C974A386B}.Debug|x86.ActiveCfg = Debug|Win32
		{9819A554-4A26-44F5-BA6B-3B0C974A386B}.Debug|x86.Build.0 = Debug|Win32
		{9819A554-4A26-44F5-BA6B-3B0C974A386B}.Release|x64.ActiveCfg = Release|x64
		{9819A554-4A26-44F5-BA6B-3B0C974A386B}.Release|x64.Build.0 = Release|x64
		{9819A554-4A26-44F5-BA6B-3B0C974A386B}.Release|x86.ActiveCfg = Release|Win32
		{9819A554-4A26-44F5-BA6B-3B0C974A386B}.Release|x86.Build.0 = Release|Win32
		{F128C826-F2FE-41A0-836C-221598DE859F}.Debug|x64.ActiveCfg = Debug|x64
		{F128C826-F2FE-41A0-836C-221598DE859F}.Debug|x64.Build.0 = Debug|x64
		{F128C826-F2FE-41A0-836C-221598DE859F}.Debug|x86.ActiveCfg = Debug|Win32
		{F128C826-F2FE-41A0-836C-221598DE859F}.Debug|x86.Build.0 = Debug|Win32
		{F128C826-F2FE-41A0-836C-221598DE859F}.Release|x64.ActiveCfg = Release|x64
		{F128C826-F2FE-41A0-836C-221598DE859F}.Release|x64.Build.0 = Release|x64
		{F128C826-F2FE-41A0-836C-221598DE859F}.Release|x86.ActiveCfg = Release|Win32
		{F128C826-F2FE-41A0-836C-221598DE859F}.Release|x86.Build.0 = Release|Win32
		{002D9E20-9090-4582-B629-93F60A31F2C4}.Debug|x64.ActiveCfg = Debug|x64
		{002D9E20-9090-4582-B629-93F60A31F2C4}.Debug|x64.Build.0 = Debug|x64
		{002D9E20-9090-4582-B629-93F60A31F2C4}.Debug|x86.ActiveCfg = Debug|Win32
		{002D9E20-9090-4582-B629-93F60A31F2C4}.Debug|x86.Build.0 = Debug|Win32
		{002D9E20-9090-4582-B629-93F60A31F2C4}.Release|x64.ActiveCfg = Release|x64
		{002D9E20-9090-4582-B629-93F60A31F2C4}.Release|x64.Build.0 = Release|x64
		{002D9E20-9090-4582-B629-93F60A31F2C4}.Release|x86.ActiveCfg = Release|Win32
		{002D9E20-9090-4582-B629-93F60A31F2C4}.Release|x86.Build.0 = Release|Win32
		{201FFF8E-C319-43F4-BA47-00D4F0B48760}.Debug|x64.ActiveCfg = Debug|x64
		{201FFF8E-C319-43F4-BA47-00D4F0B48760}.Debug|x64.Build.0 = Debug|x64
		{201FFF8E-C319-43F4-BA47-00D4F0B48760}.Debug|x86.ActiveCfg = Debug|Win32
		{201FFF8E-C319-43F4-BA47-00D4F0B48760}.Debug|x86.Build.0 = Debug|Win32
		{201FFF8E-C319-43F4-BA47-00D4F0B48760}.Release|x64.ActiveCfg = Release|x64
		{201FFF8E-C319-43F4-BA47-00D4F0B48760}.Release|x64.Build.0 = Release|x64
		{201FFF8E-C319-43F4-BA47-00D4F0B48760}.Release|x86.ActiveCfg = Release|Win32
		{201FFF8E-C319-43F4-BA47-00D4F0B48760}.Release|x86.Build.0 = Release|Win32
		{8A39341D-6338-4319-88A9-5DA84B90C35C}.Debug|x64.ActiveCfg = Debug|x64
		{8A39341D-6338-4319-88A9-5DA84B90C35C}.Debug|x64.Build.0 = Debug|x64
		{8A39341D-6338-4319-88A9-5DA84B90C35C}.Debug|x86.ActiveCfg = Debug|Win32
		{8A39341D-6338-4319-88A9-5DA84B90C35C}.Debug|x86.Build.0 = Debug|Win32
		{8A39341D-6338-4319-88A9-5DA84B90C35C}.Release|x64.ActiveCfg = Release|x64
		{8A39341D-6338-4319-88A9-5DA84B90C35C}.Release|x64.Build.0 = Release|x64
		{8A39341D-6338-4319-88A9-5DA84B90C35C}.Release|x86.ActiveCfg = Release|Win32
		{8A39341D-6338-4319-88A9-5DA84B90C35C}.Release|x86.Build.0 = Release|Win32
		{F83DB826-EFB8-4073-9AD8-8F379BD88C37}.Debug|x64.ActiveCfg = Debug|x64
		{F83DB826-EFB8-4073-9AD8-8F379BD88C37}.Debug|x64.Build.0 = Debug|x64
		{F83DB826-EFB8-4073-9AD8-8F379BD88C37}.Debug|x86.ActiveCfg = Debug|Win32
		{F83DB826-EFB8-4073-9AD8-8F379BD88C37}.Debug|x86.Build.0 = Debug|Win32
		{F83DB826-EFB8-4073-9AD8-8F379BD88C37}.Release|x64.ActiveCfg = Release|x64
		{F83DB826-EFB8-4073-9AD8-8F379BD88C37}.Release|x64.Build.0 = Release|x64
		{F83DB826-EFB8-4073-9AD8-8F379BD88C37}.Release|x86.ActiveCfg = Release|Win32
		{F83DB826-EFB8-4073-9AD8-8F379BD88C37}.Release|x86.Build.0 = Release|Win32
		{05C3DF19-8664-47A9-A1A4-9B1C5553E4CE}.Debug|x64.ActiveCfg = Debug|x64
		{05C3DF19-8664-47A9-A1A4-9B1C5553E4CE}.Debug|x64.Build.0 = Debug|x64
		{05C3DF19-8664-47A9-A1A4-9B1C5553E4CE}.Debug|x86.ActiveCfg = Debug|Win32
		{05C3DF19-8664-47A9-A1A4-9B1C5553E4CE}.Debug|x86.Build.0 = Debug|Win32
		{05C3DF19-8664-47A9-A1A4-9B1C5553E4CE}.Release|x64.ActiveCfg = Release|x64
		{05C3DF19-8664-47A9-A1A4-9B1C5553E4CE}.Release|x64.Build.0 = Release|x64
		{05C3DF19-8664-47A9-A1A4-9B1C5553E4CE}.Release|x86.ActiveCfg = Release|Win32
		{05C3DF19-8664-47A9-A1A4-9B1C5553E4CE}.Release|x86.Build.0 = Release|Win32
		{F72E906A-2F47-4EC2-8749-D697DB5A95E1}.Debug|x64.ActiveCfg = Debug|x64
		{F72E906A-2F47-4EC2-8749-D697DB5A95E1}.Debug|x64.Build.0 = Debug|x64
		{F72E906A-2F47-4EC2-8749-D697DB5A95E1}.Debug|x86.ActiveCfg = Debug|Win32
		{F72E906A-2F47-4EC2-8749-D697DB5A95E1}.Debug|x86.Build.0 = Debug|Win32
		{F72E906A-2F47-4EC2-8749-D697DB5A95E1}.Release|x64.ActiveCfg = Release|x64
		{F72E906A-2F47-4EC2-8749-D697DB5A95E1}.Release|x64.Build.0 = Release|x64
		{F72E906A-2F47-4EC2-8749-D697DB5A95E1}.Release|x86.ActiveCfg = Release|Win32
		{F72E906A-2F47-4EC2-8749-D697DB5A95E1}.Release|x86.Build.0 = Release|Win32
		{9BA6C3CC-EDF9-4162-9321-7B4A677A0DA2}.Debug|x64.ActiveCfg = Debug|x64
		{9BA6C3CC-EDF9-4162-9321-7B4A677A0DA2}.Debug|x64.Build.0 = Debug|x64
		{9BA6C3CC-EDF9-4162-9321-7B4A677A0DA2}.Debug|x86.ActiveCfg = Debug|Win32
		{9BA6C3CC-EDF9-4162-9321-7B4A677A0DA2}.Debug|x86.Build.0 = Debug|Win32
		{9BA6C3CC-EDF9-4162-9321-7B4A677A0DA2}.Release|x64.ActiveCfg = Release|x64
		{9BA6C3CC-EDF9-4162-9321-7B4A677A0DA2}.Release|x64.Build.0 = Release|x64
		{9BA6C3CC-EDF9-4162-9321-7B4A677A0DA2}.Release|x86.ActiveCfg = Release|Win32
		{9BA6C3CC-EDF9-4162-9321-7B4A677A0DA2}.Release|x86.Build.0 = Release|Win32
		{D68BDD90-1B5C-43BE-9B03-5DA7B4BC5C60}.Debug|x64.ActiveCfg = Debug|x64
		{D68BDD90-1B5C-43BE-9B03-5DA7B4BC5C60}.Debug|x64.Build.0 = Debug|x64
		{D68BDD90-1B5C-43BE-9B03-5DA7B4BC5C60}.Debug|x86.ActiveCfg = Debug|Win32
		{D68BDD90-1B5C-43BE-9B03-5DA7B4BC5C60}.Debug|x86.Build.0 = Debug|Win32
		{D68BDD90-1B5C-43BE-9B03-5DA7B4BC5C60}.Release|x64.ActiveCfg = Release|x64
		{D68BDD90-1B5C-43BE-9B03-5DA7B4BC5C60}.Release|x64.Build.0 = Release|x64
		{D68BDD90-1B5C-43BE-9B03-5DA7B4BC5C60}.Release|x86.ActiveCfg = Release|Win32
		{D68BDD90-1B5C-43BE-9B03-5DA7B4BC5C60}.Release|x86.Build.0 = Release|Win32
		{EE7031F7-CD67-4605-AE37-A07D4950F2A0}.Debug|x64.ActiveCfg = Debug|x64
		{EE7031F7-CD67-4605-AE37-A07D4950F2A0}.Debug|x64.Build.0 = Debug|x64
		{EE7031F7-CD67-4605-AE37-A07D4950F2A0}.Debug|x86.ActiveCfg = Debug|Win32
		{EE7031F7-CD67-4605-AE37-A07D4950F2A0}.Debug|x86.Build.0 = Debug|Win32
		{EE7031F7-CD67-4605-AE37-A07D4950F2A0}.Release|x64.ActiveCfg = Release|x64
		{EE7031F7-CD67-4605-AE37-A07D4950F2A0}.Release|x64.Build.0 = Release|x64
		{EE7031F7-CD67-4605-AE37-A07D4950F2A0}.Release|x86.ActiveCfg = Release|Win32
		{EE7031F7-CD67-4605-AE37-A07D4950F2A0}.Release|x86.Build.0 = Release|Win32
		{80B958FC-ED79-411C-A989-34C22C89AACA}.Debug|x64.ActiveCfg = Debug|x64
		{80B958FC-ED79-411C-A989-34C22C89AACA}.Debug|x64.Build.0 = Debug|x64
		{80B958FC-ED79-411C-A989-34C22C89AACA}.Debug|x86.ActiveCfg = Debug|Win32
		{80B958FC-ED79-411C-A989-34C22C89AACA}.Debug|x86.Build.0 = Debug|Win32
		{80B958FC-ED79-411C-A989-34C22C89AACA}.Release|x64.ActiveCfg = Release|x64
		{80B958FC-ED79-411C-A989-34C22C89AACA}.Release|x64.Build.0 = Release|x64
		{80B958FC-ED79-411C-A989-34C22C89AACA}.Release|x86.ActiveCfg = Release|Win32
		{80B958FC-ED79-411C-A989-34C22C89AACA}.Release|x86.Build.0 = Release|Win32
		{25E2256E-695B-40CF-AFAC-C0147C8691A6}.Debug|x64.ActiveCfg = Debug|x64
		{25E2256E-695B-40CF-AFAC-C0147C8691A6}.Debug|x64.Build.0 = Debug|x64
		{25E2256E-695B-40CF-AFAC-C0147C8691A6}.Debug|x86.ActiveCfg = Debug|Win32
		{25E2256E-695B-40CF-AFAC-C0147C8691A6}.Debug|x86.Build.0 = Debug|Win32
		{25E2256E-695B-40CF-AFAC-C0147C8691A6}.Release|x64.ActiveCfg = Release|x64
		{25E2256E-695B-40CF-AFAC-C0147C8691A6}.Release|x64.Build.0 = Release|x64
		{25E2256E-695B-40CF-AFAC-C0147C8691A6}.Release|x86.ActiveCfg = Release|Win32
		{25E2256E-695B-40CF-AFAC-C0147C8691A6}.Release|x86.Build.0 = Release|Win32
		{65EBB855-47D4-4602-B549-733A25C6BDD9}.Debug|x64.ActiveCfg = Debug|x64
		{65EBB855-47D4-4602-B549-733A25C6BDD9}.Debug|x64.Build.0 = Debug|x64
		{65EBB855-47D4-4602-B549-733A25C6BDD9}.Debug|x86.ActiveCfg = Debug|Win32
		{65EBB855-47D4-4602-B549-733A25C6BDD9}.Debug|x86.Build.0 = Debug|Win32
		{65EBB855-47D4-4602-B549-733A25C6BDD9}.Release|x64.ActiveCfg = Release|x64
		{65EBB855-47D4-4602-B549-733A25C6BDD9}.Release|x64.Build.0 = Release|x64
		{65EBB855-47D4-4602-B549-733A25C6BDD9}.Release|x86.ActiveCfg = Release|Win32
		{65EBB855-47D4-4602-B549-733A25C6BDD9}.Release|x86.Build.0 = Release|Win32
		{77835081-65F7-433F-9054-721CBF339FAC}.Debug|x64.ActiveCfg = Debug|x64
		{77835081-65F7-433F-9054-721CBF339FAC}.Debug|x64.Build.0 = Debug|x64
		{77835081-65F7-433F-9054-721CBF339FAC}.Debug|x86.ActiveCfg = Debug|Win32
		{77835081-65F7-433F-9054-721CBF339FAC}.Debug|x86.Build.0 = Debug|Win32
		{77835081-65F7-433F-9054-721CBF339FAC}.Release|x64.ActiveCfg = Release|x64
		{77835081-65F7-433F-9054-721CBF339FAC}.Release|x64.Build.0 = Release|x64
		{77835081-65F7-433F-9054-721CBF339FAC}.Release|x86.ActiveCfg = Release|Win32
		{77835081-65F7-433F-9054-721CBF339FAC}.Release|x86.Build.0 = Release|Win32
		{A7B4E4DC-C430-40E2-A7D4-8CF72E445AD3}.Debug|x64.ActiveCfg = Debug|x64
		{A7B4E4DC-C430-40E2-A7D4-8CF72E445AD3}.Debug|x64.Build.0 = Debug|x64
		{A7B4E4DC-C430-40E2-A7D4-8CF72E445AD3}.Debug|x86.ActiveCfg = Debug|Win32
		{A7B4E4DC-C430-40E2-A7D4-8CF72E445AD3}.Debug|x86.Build.0 = Debug|Win32
		{A7B4E4DC-C430-40E2-A7D4-8CF72E445AD3}.Release|x64.ActiveCfg = Release|x64
		{A7B4E4DC-C430-40E2-A7D4-8CF72E445AD3}.Release|x64.Build.0 = Release|x64
		{A7B4E4DC-C430-40E2-A7D4-8CF72E445AD3}.Release|x86.ActiveCfg = Release|Win32
		{A7B4E4DC-C430-40E2-A7D4-8CF72E445AD3}.Release|x86.Build.0 = Release|Win32
		{57F8C700-20A2-45C1-8150-5A7E5107E5E8}.Debug|x64.ActiveCfg = Debug|x64
		{57F8C700-20A2-45C1-8150-5A7E5107E5E8}.Debug|x64.Build.0 = Debug|x64
		{57F8C700-20A2-45C1-8150-5A7E5107E5E8}.Debug|x86.ActiveCfg = Debug|Win32
		{57F8C700-20A2-45C1-8150-5A7E5107E5E8}.Debug|x86.Build.0 = Debug|Win32
		{57F8C700-20A2-45C1-8150-5A7E5107E5E8}.Release|x64.ActiveCfg = Release|x64
		{57F8C700-20A2-45C1-8150-5A7E5107E5E8}.Release|x64.Build.0 = Release|x64
		{57F8C700-20A2-45C1-8150-5A7E5107E5E8}.Release|x86.ActiveCfg = Release|Win32
		{57F8C700-20A2-45C1-8150-5A7E5107E5E8}.Release|x86.Build.0 = Release|Win32
		{03BC9DB3-88D8-4CD3-945F-B8CD595F0FC6}.Debug|x64.ActiveCfg = Debug|x64
		{03BC9DB3-88D8-4CD3-945F-B8CD595F0FC6}.Debug|x64.Build.0 = Debug|x64
		{03BC9DB3-88D8-4CD3-945F-B8CD595F0FC6}.Debug|x86.ActiveCfg = Debug|Win32
		{03BC9DB3-88D8-4CD3-945F-B8CD595F0FC6}.Debug|x86.Build.0 = Debug|Win32
		{03BC9DB3-88D8-4CD3-945F-B8CD595F0FC6}.Release|x64.ActiveCfg = Release|x64
		{03BC9DB3-88D8-4CD3-945F-B8CD595F0FC6}.Release|x64.Build.0 = Release|x64
		{03BC9DB3-88D8-4CD3-945F-B8CD595F0FC6}.Release|x86.ActiveCfg = Release|Win32
		{03BC9DB3-88D8-4CD3-945F-B8CD595F0FC6}.Release|x86.Build.0 = Release|Win32
		{E2E0966A-D581-461A-AEBE-4E1E62481CB5}.Debug|x64.ActiveCfg = Debug|x64
		{E2E0966A-D581-461A-AEBE-4E1E62481CB5}.Debug|x64.Build.0 = Debug|x64
		{E2E0966A-D581-461A-AEBE-4E1E62481CB5}.Debug|x86.ActiveCfg = Debug|Win32
		{E2E0966A-D581-461A-AEBE-4E1E62481CB5}.Debug|x86.Build.0 = Debug|Win32
		{E2E0966A-D581-461A-AEBE-4E1E62481CB5}.Release|x64.ActiveCfg = Release|x64
		{E2E0966A-D581-461A-AEBE-4E1E62481CB5}.Release|x64.Build.0 = Release|x64
		{E2E0966A-D581-461A-AEBE-4E1E62481CB5}.Release|x86.ActiveCfg = Release|Win32
		{E2E0966A-D581-461A-AEBE-4E1E62481CB5}.Release|x86.Build.0 = Release|Win32
		{1E98FA17-C6FD-4045-A4BC-8273259895F1}.Debug|x64.ActiveCfg = Debug|x64
		{1E98FA17-C6FD-4045-A4BC-8273259895F1}.Debug|x64.Build.0 = Debug|x64
		{1E98FA17-C6FD-4045-A4BC-8273259895F1}.Debug|x86.ActiveCfg = Debug|Win32
		{1E98FA17-C6FD-4045-A4BC-8273259895F1}.Debug|x86.Build.0 = Debug|Win32
		{1E98FA17-C6FD-4045-A4BC-8273259895F1}.Release|x64.ActiveCfg = Release|x64
		{1E98FA17-C6FD-4045-A4BC-8273259895F1}.Release|x64.Build.0 = Release|x64
		{1E98FA17-C6FD-4045-A4BC-8273259895F1}.Release|x86.ActiveCfg = Release|Win32
		{1E98FA17-C6FD-4045-A4BC-8273259895F1}.Release|x86.Build.0 = Release|Win32
		{A47908E7-0599-4E3E-A204-902F155AC885}.Debug|x64.ActiveCfg = Debug|x64
		{A47908E7-0599-4E3E-A204-902F155AC885}.Debug|x64.Build.0 = Debug|x64
		{A47908E7-0599-4E3E-A204-902F155AC885}.Debug|x86.ActiveCfg = Debug|Win32
		{A47908E7-0599-4E3E-A204-902F155AC885}.Debug|x86.Build.0 = Debug|Win32
		{A47908E7-0599-4E3E-A204-902F155AC885}.Release|x64.ActiveCfg = Release|x64
		{A47908E7-0599-4E3E-A204-902F155AC885}.Release|x64.Build.0 = Release|x64
		{A47908E7-0599-4E3E-A204-902F155AC885}.Release|x86.ActiveCfg = Release|Win32
		{A47908E7-0599-4E3E-A204-902F155AC885}.Release|x86.Build.0 = Release|Win32
		{4BC842C5-84A3-481D-BCF4-A0E4A08573DE}.Debug|x64.ActiveCfg = Debug|x64
		{4BC842C5-84A3-481D-BCF4-A0E4A08573DE}.Debug|x64.Build.0 = Debug|x64
		{4BC842C5-84A3-481D-BCF4-A0E4A08573DE}.Debug|x86.ActiveCfg = Debug|Win32
		{4BC842C5-84A3-481D-BCF4-A0E4A08573DE}.Debug|x86.Build.0 = Debug|Win32
		{4BC842C5-84A3-481D-BCF4-A0E4A08573DE}.Release|x64.ActiveCfg = Release|x64
		{4BC842C5-84A3-481D-BCF4-A0E4A08573DE}.Release|x64.Build.0 = Release|x64
		{4BC842C5-84A3-481D-BCF4-A0E4A08573DE}.Release|x86.ActiveCfg = Release|Win32
		{4BC842C5-84A3-481D-BCF4-A0E4A08573DE}.Release|x86.Build.0 = Release|Win32
		{2C887B9F-F6AD-47FD-BE69-208EC574685B}.Debug|x64.ActiveCfg = Debug|x64
		{2C887B9F-F6AD-47FD-BE69-208EC574685B}.Debug|x64.Build.0 = Debug|x64
		{2C887B9F-F6AD-47FD-BE69-208EC574685B}.Debug|x86.ActiveCfg = Debug|Win32
		{2C887B9F-F6AD-47FD-BE69-208EC574685B}.Debug|x86.Build.0 = Debug|Win32
		{2C887B9F-F6AD-47FD-BE69-208EC574685B}.Release|x64.ActiveCfg = Release|x64
		{2C887B9F-F6AD-47FD-BE69-208EC574685B}.Release|x64.Build.0 = Release|x64
		{2C887B9F-F6AD-47FD-BE69-208EC574685B}.Release|x86.ActiveCfg = Release|Win32
		{2C887B9F-F6AD-47FD-BE69-208EC574685B}.Release|x86.Build.0 = Release|Win32
		{22772B2F-F75E-4889-9CB0-4D4233755D73}.Debug|x64.ActiveCfg = Debug|x64
		{22772B2F-F75E-4889-9CB0-4D4233755D73}.Debug|x64.Build.0 = Debug|x64
		{22772B2F-F75E-4889-9CB0-4D4233755D73}.Debug|x86.ActiveCfg = Debug|Win32
		{22772B2F-F75E-4889-9CB0-4D4233755D73}.Debug|x86.Build.0 = Debug|Win32
		{22772B2F-F75E-4889-9CB0-4D4233755D73}.Release|x64.ActiveCfg = Release|x64
		{22772B2F-F75E-4889-9CB0-4D4233755D73}.Release|x64.Build.0 = Release|x64
		{22772B2F-F75E-4889-9CB0-4D4233755D73}.Release|x86.ActiveCfg = Release|Win32
		{22772B2F-F75E-4889-9CB0-4D4233755D73}.Release|x86.Build.0 = Release|Win32
		{ECB9545A-53DF-4A10-830A-67B5B21A337D}.Debug|x64.ActiveCfg = Debug|x64
		{ECB9545A-53DF-4A10-830A-67B5B21A337D}.Debug|x64.Build.0 = Debug|x64
		{ECB9545A-53DF-4A10-830A-67B5B21A337D}.Debug|x86.ActiveCfg = Debug|Win32
		{ECB9545A-53DF-4A10-830A-67B5B21A337D}.Debug|x86.Build.0 = Debug|Win32
		{ECB9545A-53DF-4A10-830A-67B5B21A337D}.Release|x64.ActiveCfg = Release|x64
		{ECB9545A-53DF-4A10-830A-67B5B21A337D}.Release|x64.Build.0 = Release|x64
		{ECB9545A-53DF-4A10-830A-67B5B21A337D}.Release|x86.ActiveCfg = Release|Win32
		{ECB9545A-53DF-4A10-830A-67B5B21A337D}.Release|x86.Build.0 = Release|Win32
		{075D9F6C-9285-455F-9D5A-2FED2E89990D}.Debug|x64.ActiveCfg = Debug|x64
		{075D9F6C-9285-455F-9D5A-2FED2E89990D}.Debug|x64.Build.0 = Debug|x64
		{075D9F6C-9285-455F-9D5A-2FED2E89990D}.Debug|x86.ActiveCfg = Debug|Win32
		{075D9F6C-9285-455F-9D5A-2FED2E89990D}.Debug|x86.Build.0 = Debug|Win32
		{075D9F6C-9285-455F-9D5A-2FED2E89990D}.Release|x64.ActiveCfg = Release|x64
		{075D9F6C-9285-455F-9D5A-2FED2E89990D}.Release|x64.Build.0 = Release|x64
		{075D9F6C-9285-455F-9D5A-2FED2E89990D}.Release|x86.ActiveCfg = Release|Win32
		{075D9F6C-9285-455F-9D5A-2FED2E89990D}.Release|x86.Build.0 = Release|Win32
		{CDEDB6AE-0BB9-4271-BE22-216A81ED5E6A}.Debug|x64.ActiveCfg = Debug|x64
		{CDEDB6AE-0BB9-4271-BE22-216A81ED5E6A}.Debug|x64.Build.0 = Debug|x64
		{CDEDB6AE-0BB9-4271-BE22-216A81ED5E6A}.Debug|x86.ActiveCfg = Debug|Win32
		{CDEDB6AE-0BB9-4271-BE22-216A81ED5E6A}.Debug|x86.Build.0 = Debug|Win32
		{CDEDB6AE-0BB9-4271-BE22-216A81ED5E6A}.Release|x64.ActiveCfg = Release|x64
		{CDEDB6AE-0BB9-4271-BE22-216A81ED5E6A}.Release|x64.Build.0 = Release|x64
		{CDEDB6AE-0BB9-4271-BE22-216A81ED5E6A}.Release|x86.ActiveCfg = Release|Win32
		{CDEDB6AE-0BB9-4271-BE22-216A81ED5E6A}.Release|x86.Build.0 = Release|Win32
		{22C7DF69-A612-4918-9809-6A9748083987}.Debug|x64.ActiveCfg = Debug|x64
		{22C7DF69-A612-4918-9809-6A9748083987}.Debug|x64.Build.0 = Debug|x64
		{22C7DF69-A612-4918-9809-6A9748083987}.Debug|x86.ActiveCfg = Debug|Win32
		{22C7DF69-A612-4918-9809-6A9748083987}.Debug|x86.Build.0 = Debug|Win32
		{22C7DF69-A612-4918-9809-6A9748083987}.Release|x64.ActiveCfg = Release|x64
		{22C7DF69-A612-4918-9809-6A9748083987}.Release|x64.Build.0 = Release|x64
		{22C7DF69-A612-4918-9809-6A9748083987}.Release|x86.ActiveCfg = Release|Win32
		{22C7DF69-A612-4918-9809-6A9748083987}.Release|x86.Build.0 = Release|Win32
		{43246B26-C0F1-4D24-B6A4-9793D76C028D}.Debug|x64.ActiveCfg = Debug|x64
		{43246B26-C0F1-4D24-B6A4-9793D76C028D}.Debug|x64.Build.0 = Debug|x64
		{43246B26-C0F1-4D24-B6A4-9793D76C028D}.Debug|x86.ActiveCfg = Debug|Win32
		{43246B26-C0F1-4D24-B6A4-9793D76C028D}.Debug|x86.Build.0 = Debug|Win32
		{43246B26-C0F1-4D24-B6A4-9793D76C028D}.Release|x64.ActiveCfg = Release|x64
		{43246B26-C0F1-4D24-B6A4-9793D76C028D}.Release|x64.Build.0 = Release|x64
		{43246B26-C0F1-4D24-B6A4-9793D76C028D}.Release|x86.ActiveCfg = Release|Win32
		{43246B26-C0F1-4D24-B6A4-9793D76C028D}.Release|x86.Build.0 = Release|Win32
		{BFA2E24A-B5D0-47B1-A525-40502A090919}.Debug|x64.ActiveCfg = Debug|x64
		{BFA2E24A-B5D0-47B1-A525-40502A090919}.Debug|x64.Build.0 = Debug|x64
		{BFA2E24A-B5D0-47B1-A525-40502A090919}.Debug|x86.ActiveCfg = Debug|Win32
		{BFA2E24A-B5D0-47B1-A525-40502A090919}.Debug|x86.Build.0 = Debug|Win32
		{BFA2E24A-B5D0-47B1-A525-40502A090919}.Release|x64.ActiveCfg = Release|x64
		{BFA2E24A-B5D0-47B1-A525-40502A090919}.Release|x64.Build.0 = Release|x64
		{BFA2E24A-B5D0-47B1-A525-40502A090919}.Release|x86.ActiveCfg = Release|Win32
		{BFA2E24A-B5D0-47B1-A525-40502A090919}.Release|x86.Build.0 = Release|Win32
		{FB54FDB9-6F82-4AF3-AD6F-0C886BC89895}.Debug|x64.ActiveCfg = Debug|x64
		{FB54FDB9-6F82-4AF3-AD6F-0C886BC89895}.Debug|x64.Build.0 = Debug|x64
		{FB54FDB9-6F82-4AF3-AD6F-0C886BC89895}.Debug|x86.ActiveCfg = Debug|Win32
		{FB54FDB9-6F82-4AF3-AD6F-0C886BC89895}.Debug|x86.Build.0 = Debug|Win32
		{FB54FDB9-6F82-4AF3-AD6F-0C886BC89895}.Release|x64.ActiveCfg = Release|x64
		{FB54FDB9-6F82-4AF3-AD6F-0C886BC89895}.Release|x64.Build.0 = Release|x64
		{FB54FDB9-6F82-4AF3-AD6F-0C886BC89895}.Release|x86.ActiveCfg = Release|Win32
		{FB54FDB9-6F82-4AF3-AD6F-0C886BC89895}.Release|x86.Build.0 = Release|Win32
		{6B95E537-6D6B-4912-9521-6520A8BF12E4}.Debug|x64.ActiveCfg = Debug|x64
		{6B95E537-6D6B-4912-9521-6520A8BF12E4}.Debug|x64.Build.0 = Debug|x64
		{6B95E537-6D6B-4912-9521-6520A8BF12E4}.Debug|x86.ActiveCfg = Debug|Win32
		{6B95E537-6D6B-4912-9521-6520A8BF12E4}.Debug|x86.Build.0 = Debug|Win32
		{6B95E537-6D6B-4912-9521-6520A8BF12E4}.Release|x64.ActiveCfg = Release|x64
		{6B95E537-6D6B-4912-9521-6520A8BF12E4}.Release|x64.Build.0 = Release|x64
		{6B95E537-6D6B-4912-9521-6520A8BF12E4}.Release|x86.ActiveCfg = Release|Win32
		{6B95E537-6D6B-4912-9521-6520A8BF12E4}.Release|x86.Build.0 = Release|Win32
		{2D98DBD6-EE31-4CBA-8CDA-4A76717EC259}.Debug|x64.ActiveCfg = Debug|x64
		{2D98DBD6-EE31-4CBA-8CDA-4A76717EC259}.Debug|x64.Build.0 = Debug|x64
		{2D98DBD6-EE31-4CBA-8CDA-4A76717EC259}.Debug|x86.ActiveCfg = Debug|Win32
		{2D98DBD6-EE31-4CBA-8CDA-4A76717EC259}.Debug|x86.Build.0 = Debug|Win32
		{2D98DBD6-EE31-4CBA-8CDA-4A76717EC259}.Release|x64.ActiveCfg = Release|x64
		{2D98DBD6-EE31-4CBA-8CDA-4A76717EC259}.Release|x64.Build.0 = Release|x64
		{2D98DBD6-EE31-4CBA-8CDA-4A76717EC259}.Release|x86.ActiveCfg = Release|Win32
		{2D98DBD6-EE31-4CBA-8CDA-4A76717EC259}.Release|x86.Build.0 = Release|Win32
		{849AEF90-9D4F-4D8B-922F-BE589EBA8FD9}.Debug|x64.ActiveCfg = Debug|x64
		{849AEF90-9D4F-4D8B-922F-BE589EBA8FD9}.Debug|x64.Build.0 = Debug|x64
		{849AEF90-9D4F-4D8B-922F-BE589EBA8FD9}.Debug|x86.ActiveCfg = Debug|Win32
		{849AEF90-9D4F-4D8B-922F-BE589EBA8FD9}.Debug|x86.Build.0 = Debug|Win32
		{849AEF90-9D4F-4D8B-922F-BE589EBA8FD9}.Release|x64.ActiveCfg = Release|x64
		{849AEF90-9D4F-4D8B-922F-BE589EBA8FD9}.Release|x64.Build.0 = Release|x64
		{849AEF90-9D4F-4D8B-922F-BE589EBA8FD9}.Release|x86.ActiveCfg = Release|Win32
		{849AEF90-9D4F-4D8B-922F-BE589EBA8FD9}.Release|x86.Build.0 = Release|Win32
		{12950283-E9F4-454D-AA5E-B057AB2199C7}.Debug|x64.ActiveCfg = Debug|x64
		{12950283-E9F4-454D-AA5E-B057AB2199C7}.Debug|x64.Build.0 = Debug|x64
		{12950283-E9F4-454D-AA5E-B057AB2199C7}.Debug|x86.ActiveCfg = Debug|Win32
		{12950283-E9F4-454D-AA5E-B057AB2199C7}.Debug|x86.Build.0 = Debug|Win32
		{12950283-E9F4-454D-AA5E-B057AB2199C7}.Release|x64.ActiveCfg = Release|x64
		{12950283-E9F4-454D-AA5E-B057AB2199C7}.Release|x64.Build.0 = Release|x64
		{12950283-E9F4-454D-AA5E-B057AB2199C7}.Release|x86.ActiveCfg = Release|Win32
		{12950283-E9F4-454D-AA5E-B057AB2199C7}.Release|x86.Build.0 = Release|Win32
		{A9CF0AE9-4703-4365-8397-97C778DA4549}.Debug|x64.ActiveCfg = Debug|x64
		{A9CF0AE9-4703-4365-8397-97C778DA4549}.Debug|x64.Build.0 = Debug|x64
		{A9CF0AE9-4703-4365-8397-97C778DA4549}.Debug|x86.ActiveCfg = Debug|Win32
		{A9CF0AE9-4703-4365-8397-97C778DA4549}.Debug|x86.Build.0 = Debug|Win32
		{A9CF0AE9-4703-4365-8397-97C778DA4549}.Release|x64.ActiveCfg = Release|x64
		{A9CF0AE9-4703-4365-8397-97C778DA4549}.Release|x64.Build.0 = Release|x64
		{A9CF0AE9-4703-4365-8397-97C778DA4549}.Release|x86.ActiveCfg = Release|Win32
		{A9CF0AE9-4703-4365-8397-97C778DA4549}.Release|x86.Build.0 = Release|Win32
		{4B700A6E-ADEA-4664-A945-91CFF4C35BB9}.Debug|x64.ActiveCfg = Debug|x64
		{4B700A6E-ADEA-4664-A945-91CFF4C35BB9}.Debug|x64.Build.0 = Debug|x64
		{4B700A6E-ADEA-4664-A945-91CFF4C35BB9}.Debug|x86.ActiveCfg = Debug|Win32
		{4B700A6E-ADEA-4664-A945-91CFF4C35BB9}.Debug|x86.Build.0 = Debug|Win32
		{4B700A6E-ADEA-4664-A945-91CFF4C35BB9}.Release|x64.ActiveCfg = Release|x64
		{4B700A6E-ADEA-4664-A945-91CFF4C35BB9}.Release|x64.Build.0 = Release|x64
		{4B700A6E-ADEA-4664-A945-91CFF4C35BB9}.Release|x86.ActiveCfg = Release|Win32
		{4B700A6E-ADEA-4664-A945-91CFF4C35BB9}.Release|x86.Build.0 = Release|Win32
		{DDBF2ABC-B581-483B-A42B-EBA8BB788849}.Debug|x64.ActiveCfg = Debug|x64
		{DDBF2ABC-B581-483B-A42B-EBA8BB788849}.Debug|x64.Build.0 = Debug|x64
		{DDBF2ABC-B581-483B-A42B-EBA8BB788849}.Debug|x86.ActiveCfg = Debug|Win32
		{DDBF2ABC-B581-483B-A42B-EBA8BB788849}.Debug|x86.Build.0 = Debug|Win32
		{DDBF2ABC-B581-483B-A42B-EBA8BB788849}.Release|x64.ActiveCfg = Release|x64
		{DDBF2ABC-B581-483B-A42B-EBA8BB788849}.Release|x64.Build.0 = Release|x64
		{DDBF2ABC-B581-483B-A42B-EBA8BB788849}.Release|x86.ActiveCfg = Release|Win32
		{DDBF2ABC-B581-483B-A42B-EBA8BB788849}.Release|x86.Build.0 = Release|Win32
		{B05CA067-937C-4DAB-B0B4-BBF47F2AE302}.Debug|x64.ActiveCfg = Debug|x64
		{B05CA067-937C-4DAB-B0B4-BBF47F2AE302}.Debug|x64.Build.0 = Debug|x64
		{B05CA067-937C-4DAB-B0B4-BBF47F2AE302}.Debug|x86.ActiveCfg = Debug|Win32
		{B05CA067-937C-4DAB-B0B4-BBF47F2AE302}.Debug|x86.Build.0 = Debug|Win32
		{B05CA067-937C-4DAB-B0B4-BBF47F2AE302}.Release|x64.ActiveCfg = Release|x64
		{B05CA067-937C-4DAB-B0B4-BBF47F2AE302}.Release|x64.Build.0 = Release|x64
		{B05CA067-937C-4DAB-B0B4-BBF47F2AE302}.Release|x86.ActiveCfg = Release|Win32
		{B05CA067-937C-4DAB-B0B4-BBF47F2AE302}.Release|x86.Build.0 = Release|Win32
		{C4E8BF34-5B99-4EFF-B22E-1E8EB274D5D3}.Debug|x64.ActiveCfg = Debug|x64
		{C4E8BF34-5B99-4EFF-B22E-1E8EB274D5D3}.Debug|x64.Build.0 = Debug|x64
		{C4E8BF34-5B99-4EFF-B22E-1E8EB274D5D3}.Debug|x86.ActiveCfg = Debug|Win32
		{C4E8BF34-5B99-4EFF-B22E-1E8EB274D5D3}.Debug|x86.Build.0 = Debug|Win32
		{C4E8BF34-5B99-4EFF-B22E-1E8EB274D5D3}.Release|x64.ActiveCfg = Release|x64
		{C4E8BF34-5B99-4EFF-B22E-1E8EB274D5D3}.Release|x64.Build.0 = Release|x64
		{C4E8BF34-5B99-4EFF-B22E-1E8EB274D5D3}.Release|x86.ActiveCfg = Release|Win32
		{C4E8BF34-5B99-4EFF-B22E-1E8EB274D5D3}.Release|x86.Build.0 = Release|Win32
		{30D69BCE-DBDA-4B9C-A4B4-EDFCE30CD92D}.Debug|x64.ActiveCfg = Debug|x64
		{30D69BCE-DBDA-4B9C-A4B4-EDFCE30CD92D}.Debug|x64.Build.0 = Debug|x64
		{30D69BCE-DBDA-4B9C-A4B4-EDFCE30CD92D}.Debug|x86.ActiveCfg = Debug|Win32
		{30D69BCE-DBDA-4B9C-A4B4-EDFCE30CD92D}.Debug|x86.Build.0 = Debug|Win32
		{30D69BCE-DBDA-4B9C-A4B4-EDFCE30CD92D}.Release|x64.ActiveCfg = Release|x64
		{30D69BCE-DBDA-4B9C-A4B4-EDFCE30CD92D}.Release|x64.Build.0 = Release|x64
		{30D69BCE-DBDA-4B9C-A4B4-EDFCE30CD92D}.Release|x86.ActiveCfg = Release|Win32
		{30D69BCE-DBDA-4B9C-A4B4-EDFCE30CD92D}.Release|x86.Build.0 = Release|Win32
		{7B139A67-B6A2-45A8-8516-584EF317A74E}.Debug|x64.ActiveCfg = Debug|x64
		{7B139A67-B6A2-45A8-8516-584EF317A74E}.Debug|x64.Build.0 = Debug|x64
		{7B139A67-B6A2-45A8-8516-584EF317A74E}.Debug|x86.ActiveCfg = Debug|Win32
		{7B139A67-B6A2-45A8-8516-584EF317A74E}.Debug|x86.Build.0 = Debug|Win32
		{7B139A67-B6A2-45A8-8516-584EF317A74E}.Release|x64.ActiveCfg = Release|x64
		{7B139A67-B6A2-45A8-8516-584EF317A74E}.Release|x64.Build.0 = Release|x64
		{7B139A67-B6A2-45A8-8516-584EF317A74E}.Release|x86.ActiveCfg = Release|Win32
		{7B139A67-B6A2-45A8-8516-584EF317A74E}.Release|x86.Build.0 = Release|Win32
		{178674A5-C853-4FBA-B2CC-A3CE0B941A8F}.Debug|x64.ActiveCfg = Debug|x64
		{178674A5-C853-4FBA-B2CC-A3CE0B941A8F}.Debug|x64.Build.0 = Debug|x64
		{178674A5-C853-4FBA-B2CC-A3CE0B941A8F}.Debug|x86.ActiveCfg = Debug|Win32
		{178674A5-C853-4FBA-B2CC-A3CE0B941A8F}.Debug|x86.Build.0 = Debug|Win32
		{178674A5-C853-4FBA-B2CC-A3CE0B941A8F}.Release|x64.ActiveCfg = Release|x64
		{178674A5-C853-4FBA-B2CC-A3CE0B941A8F}.Release|x64.Build.0 = Release|x64
		{178674A5-C853-4FBA-B2CC-A3CE0B941A8F}.Release|x86.ActiveCfg = Release|Win32
		{178674A5-C853-4FBA-B2CC-A3CE0B941A8F}.Release|x86.Build.0 = Release|Win32
	EndGlobalSection
	GlobalSection(SolutionProperties) = preSolution
		HideSolutionNode = FALSE
	EndGlobalSection
	GlobalSection(ExtensibilityGlobals) = postSolution
		SolutionGuid = {5A1E1492-FB63-408A-ACB8-1313E04FFB52}
	EndGlobalSection
EndGlobal
